
Microsoft Visual Studio Solution File, Format Version 12.00
# Visual Studio Version 17
VisualStudioVersion = 17.0.31903.59
MinimumVisualStudioVersion = 10.0.40219.1
Project("{FAE04EC0-301F-11D3-BF4B-00C04F79EFBC}") = "LTres.Olt.UI.Shared", "LTres.Olt.UI.shared\LTres.Olt.UI.Shared.csproj", "{18453B46-8FCE-4201-972F-FEBDB38769BD}"
EndProject
Project("{FAE04EC0-301F-11D3-BF4B-00C04F79EFBC}") = "LTres.Olt.UI.Server", "LTres.Olt.UI.server\LTres.Olt.UI.Server.csproj", "{B0759105-DB4B-403F-B2D6-71099154E2FC}"
EndProject
Project("{FAE04EC0-301F-11D3-BF4B-00C04F79EFBC}") = "LTres.Olt.UI.Client", "LTres.Olt.UI.client\LTres.Olt.UI.Client.csproj", "{1A2768BF-44C9-47FB-BA85-D85440C56562}"
EndProject
Global
	GlobalSection(SolutionConfigurationPlatforms) = preSolution
		Debug|Any CPU = Debug|Any CPU
		Debug|x64 = Debug|x64
		Debug|x86 = Debug|x86
		Release|Any CPU = Release|Any CPU
		Release|x64 = Release|x64
		Release|x86 = Release|x86
	EndGlobalSection
	GlobalSection(ProjectConfigurationPlatforms) = postSolution
		{18453B46-8FCE-4201-972F-FEBDB38769BD}.Debug|Any CPU.ActiveCfg = Debug|Any CPU
		{18453B46-8FCE-4201-972F-FEBDB38769BD}.Debug|Any CPU.Build.0 = Debug|Any CPU
		{18453B46-8FCE-4201-972F-FEBDB38769BD}.Debug|x64.ActiveCfg = Debug|Any CPU
		{18453B46-8FCE-4201-972F-FEBDB38769BD}.Debug|x64.Build.0 = Debug|Any CPU
		{18453B46-8FCE-4201-972F-FEBDB38769BD}.Debug|x86.ActiveCfg = Debug|Any CPU
		{18453B46-8FCE-4201-972F-FEBDB38769BD}.Debug|x86.Build.0 = Debug|Any CPU
		{18453B46-8FCE-4201-972F-FEBDB38769BD}.Release|Any CPU.ActiveCfg = Release|Any CPU
		{18453B46-8FCE-4201-972F-FEBDB38769BD}.Release|Any CPU.Build.0 = Release|Any CPU
		{18453B46-8FCE-4201-972F-FEBDB38769BD}.Release|x64.ActiveCfg = Release|Any CPU
		{18453B46-8FCE-4201-972F-FEBDB38769BD}.Release|x64.Build.0 = Release|Any CPU
		{18453B46-8FCE-4201-972F-FEBDB38769BD}.Release|x86.ActiveCfg = Release|Any CPU
		{18453B46-8FCE-4201-972F-FEBDB38769BD}.Release|x86.Build.0 = Release|Any CPU
		{B0759105-DB4B-403F-B2D6-71099154E2FC}.Debug|Any CPU.ActiveCfg = Debug|Any CPU
		{B0759105-DB4B-403F-B2D6-71099154E2FC}.Debug|Any CPU.Build.0 = Debug|Any CPU
		{B0759105-DB4B-403F-B2D6-71099154E2FC}.Debug|x64.ActiveCfg = Debug|Any CPU
		{B0759105-DB4B-403F-B2D6-71099154E2FC}.Debug|x64.Build.0 = Debug|Any CPU
		{B0759105-DB4B-403F-B2D6-71099154E2FC}.Debug|x86.ActiveCfg = Debug|Any CPU
		{B0759105-DB4B-403F-B2D6-71099154E2FC}.Debug|x86.Build.0 = Debug|Any CPU
		{B0759105-DB4B-403F-B2D6-71099154E2FC}.Release|Any CPU.ActiveCfg = Release|Any CPU
		{B0759105-DB4B-403F-B2D6-71099154E2FC}.Release|Any CPU.Build.0 = Release|Any CPU
		{B0759105-DB4B-403F-B2D6-71099154E2FC}.Release|x64.ActiveCfg = Release|Any CPU
		{B0759105-DB4B-403F-B2D6-71099154E2FC}.Release|x64.Build.0 = Release|Any CPU
		{B0759105-DB4B-403F-B2D6-71099154E2FC}.Release|x86.ActiveCfg = Release|Any CPU
		{B0759105-DB4B-403F-B2D6-71099154E2FC}.Release|x86.Build.0 = Release|Any CPU
		{1A2768BF-44C9-47FB-BA85-D85440C56562}.Debug|Any CPU.ActiveCfg = Debug|Any CPU
		{1A2768BF-44C9-47FB-BA85-D85440C56562}.Debug|Any CPU.Build.0 = Debug|Any CPU
		{1A2768BF-44C9-47FB-BA85-D85440C56562}.Debug|x64.ActiveCfg = Debug|Any CPU
		{1A2768BF-44C9-47FB-BA85-D85440C56562}.Debug|x64.Build.0 = Debug|Any CPU
		{1A2768BF-44C9-47FB-BA85-D85440C56562}.Debug|x86.ActiveCfg = Debug|Any CPU
		{1A2768BF-44C9-47FB-BA85-D85440C56562}.Debug|x86.Build.0 = Debug|Any CPU
		{1A2768BF-44C9-47FB-BA85-D85440C56562}.Release|Any CPU.ActiveCfg = Release|Any CPU
		{1A2768BF-44C9-47FB-BA85-D85440C56562}.Release|Any CPU.Build.0 = Release|Any CPU
		{1A2768BF-44C9-47FB-BA85-D85440C56562}.Release|x64.ActiveCfg = Release|Any CPU
		{1A2768BF-44C9-47FB-BA85-D85440C56562}.Release|x64.Build.0 = Release|Any CPU
		{1A2768BF-44C9-47FB-BA85-D85440C56562}.Release|x86.ActiveCfg = Release|Any CPU
		{1A2768BF-44C9-47FB-BA85-D85440C56562}.Release|x86.Build.0 = Release|Any CPU
	EndGlobalSection
	GlobalSection(SolutionProperties) = preSolution
		HideSolutionNode = FALSE
	EndGlobalSection
EndGlobal
